// !$*UTF8*$!
{
	archiveVersion = 1;
	classes = {
	};
	objectVersion = 50;
	objects = {

/* Begin PBXBuildFile section */
		4ADAA584263A4F1E00A42F9D /* tvOS_01App.swift in Sources */ = {isa = PBXBuildFile; fileRef = 4ADAA583263A4F1E00A42F9D /* tvOS_01App.swift */; };
		4ADAA586263A4F1E00A42F9D /* MainView.swift in Sources */ = {isa = PBXBuildFile; fileRef = 4ADAA585263A4F1E00A42F9D /* MainView.swift */; };
		4ADAA588263A4F1E00A42F9D /* Assets.xcassets in Resources */ = {isa = PBXBuildFile; fileRef = 4ADAA587263A4F1E00A42F9D /* Assets.xcassets */; };
		4ADAA58B263A4F1E00A42F9D /* Preview Assets.xcassets in Resources */ = {isa = PBXBuildFile; fileRef = 4ADAA58A263A4F1E00A42F9D /* Preview Assets.xcassets */; };
		4ADAA593263A5ACA00A42F9D /* Explorer.swift in Sources */ = {isa = PBXBuildFile; fileRef = 4ADAA592263A5ACA00A42F9D /* Explorer.swift */; };
/* End PBXBuildFile section */

/* Begin PBXFileReference section */
		4ADAA580263A4F1E00A42F9D /* tvOS 01.app */ = {isa = PBXFileReference; explicitFileType = wrapper.application; includeInIndex = 0; path = "tvOS 01.app"; sourceTree = BUILT_PRODUCTS_DIR; };
		4ADAA583263A4F1E00A42F9D /* tvOS_01App.swift */ = {isa = PBXFileReference; lastKnownFileType = sourcecode.swift; path = tvOS_01App.swift; sourceTree = "<group>"; };
		4ADAA585263A4F1E00A42F9D /* MainView.swift */ = {isa = PBXFileReference; lastKnownFileType = sourcecode.swift; path = MainView.swift; sourceTree = "<group>"; };
		4ADAA587263A4F1E00A42F9D /* Assets.xcassets */ = {isa = PBXFileReference; lastKnownFileType = folder.assetcatalog; path = Assets.xcassets; sourceTree = "<group>"; };
		4ADAA58A263A4F1E00A42F9D /* Preview Assets.xcassets */ = {isa = PBXFileReference; lastKnownFileType = folder.assetcatalog; path = "Preview Assets.xcassets"; sourceTree = "<group>"; };
		4ADAA58C263A4F1E00A42F9D /* Info.plist */ = {isa = PBXFileReference; lastKnownFileType = text.plist.xml; path = Info.plist; sourceTree = "<group>"; };
		4ADAA592263A5ACA00A42F9D /* Explorer.swift */ = {isa = PBXFileReference; lastKnownFileType = sourcecode.swift; path = Explorer.swift; sourceTree = "<group>"; };
/* End PBXFileReference section */

/* Begin PBXFrameworksBuildPhase section */
		4ADAA57D263A4F1E00A42F9D /* Frameworks */ = {
			isa = PBXFrameworksBuildPhase;
			buildActionMask = 2147483647;
			files = (
			);
			runOnlyForDeploymentPostprocessing = 0;
		};
/* End PBXFrameworksBuildPhase section */

/* Begin PBXGroup section */
		4ADAA577263A4F1E00A42F9D = {
			isa = PBXGroup;
			children = (
				4ADAA582263A4F1E00A42F9D /* tvOS 01 */,
				4ADAA581263A4F1E00A42F9D /* Products */,
			);
			sourceTree = "<group>";
		};
		4ADAA581263A4F1E00A42F9D /* Products */ = {
			isa = PBXGroup;
			children = (
				4ADAA580263A4F1E00A42F9D /* tvOS 01.app */,
			);
			name = Products;
			sourceTree = "<group>";
		};
		4ADAA582263A4F1E00A42F9D /* tvOS 01 */ = {
			isa = PBXGroup;
			children = (
				4ADAA583263A4F1E00A42F9D /* tvOS_01App.swift */,
				4ADAA594263A5EB200A42F9D /* Views */,
				4ADAA595263A5EC600A42F9D /* Model */,
				4ADAA587263A4F1E00A42F9D /* Assets.xcassets */,
				4ADAA58C263A4F1E00A42F9D /* Info.plist */,
				4ADAA589263A4F1E00A42F9D /* Preview Content */,
			);
			path = "tvOS 01";
			sourceTree = "<group>";
		};
		4ADAA589263A4F1E00A42F9D /* Preview Content */ = {
			isa = PBXGroup;
			children = (
				4ADAA58A263A4F1E00A42F9D /* Preview Assets.xcassets */,
			);
			path = "Preview Content";
			sourceTree = "<group>";
		};
		4ADAA594263A5EB200A42F9D /* Views */ = {
			isa = PBXGroup;
			children = (
				4ADAA585263A4F1E00A42F9D /* MainView.swift */,
			);
			path = Views;
			sourceTree = "<group>";
		};
		4ADAA595263A5EC600A42F9D /* Model */ = {
			isa = PBXGroup;
			children = (
				4ADAA592263A5ACA00A42F9D /* Explorer.swift */,
			);
			path = Model;
			sourceTree = "<group>";
		};
/* End PBXGroup section */

/* Begin PBXNativeTarget section */
		4ADAA57F263A4F1E00A42F9D /* tvOS 01 */ = {
			isa = PBXNativeTarget;
			buildConfigurationList = 4ADAA58F263A4F1E00A42F9D /* Build configuration list for PBXNativeTarget "tvOS 01" */;
			buildPhases = (
				4ADAA57C263A4F1E00A42F9D /* Sources */,
				4ADAA57D263A4F1E00A42F9D /* Frameworks */,
				4ADAA57E263A4F1E00A42F9D /* Resources */,
			);
			buildRules = (
			);
			dependencies = (
			);
			name = "tvOS 01";
			productName = "tvOS 01";
			productReference = 4ADAA580263A4F1E00A42F9D /* tvOS 01.app */;
			productType = "com.apple.product-type.application";
		};
/* End PBXNativeTarget section */

/* Begin PBXProject section */
		4ADAA578263A4F1E00A42F9D /* Project object */ = {
			isa = PBXProject;
			attributes = {
				LastSwiftUpdateCheck = 1250;
				LastUpgradeCheck = 1250;
				TargetAttributes = {
					4ADAA57F263A4F1E00A42F9D = {
						CreatedOnToolsVersion = 12.5;
					};
				};
			};
			buildConfigurationList = 4ADAA57B263A4F1E00A42F9D /* Build configuration list for PBXProject "tvOS 01" */;
			compatibilityVersion = "Xcode 9.3";
			developmentRegion = en;
			hasScannedForEncodings = 0;
			knownRegions = (
				en,
				Base,
			);
			mainGroup = 4ADAA577263A4F1E00A42F9D;
			productRefGroup = 4ADAA581263A4F1E00A42F9D /* Products */;
			projectDirPath = "";
			projectRoot = "";
			targets = (
				4ADAA57F263A4F1E00A42F9D /* tvOS 01 */,
			);
		};
/* End PBXProject section */

/* Begin PBXResourcesBuildPhase section */
		4ADAA57E263A4F1E00A42F9D /* Resources */ = {
			isa = PBXResourcesBuildPhase;
			buildActionMask = 2147483647;
			files = (
				4ADAA58B263A4F1E00A42F9D /* Preview Assets.xcassets in Resources */,
				4ADAA588263A4F1E00A42F9D /* Assets.xcassets in Resources */,
			);
			runOnlyForDeploymentPostprocessing = 0;
		};
/* End PBXResourcesBuildPhase section */

/* Begin PBXSourcesBuildPhase section */
		4ADAA57C263A4F1E00A42F9D /* Sources */ = {
			isa = PBXSourcesBuildPhase;
			buildActionMask = 2147483647;
			files = (
				4ADAA593263A5ACA00A42F9D /* Explorer.swift in Sources */,
				4ADAA586263A4F1E00A42F9D /* MainView.swift in Sources */,
				4ADAA584263A4F1E00A42F9D /* tvOS_01App.swift in Sources */,
			);
			runOnlyForDeploymentPostprocessing = 0;
		};
/* End PBXSourcesBuildPhase section */

/* Begin XCBuildConfiguration section */
		4ADAA58D263A4F1E00A42F9D /* Debug */ = {
			isa = XCBuildConfiguration;
			buildSettings = {
				ALWAYS_SEARCH_USER_PATHS = NO;
				CLANG_ANALYZER_NONNULL = YES;
				CLANG_ANALYZER_NUMBER_OBJECT_CONVERSION = YES_AGGRESSIVE;
				CLANG_CXX_LANGUAGE_STANDARD = "gnu++14";
				CLANG_CXX_LIBRARY = "libc++";
				CLANG_ENABLE_MODULES = YES;
				CLANG_ENABLE_OBJC_ARC = YES;
				CLANG_ENABLE_OBJC_WEAK = YES;
				CLANG_WARN_BLOCK_CAPTURE_AUTORELEASING = YES;
				CLANG_WARN_BOOL_CONVERSION = YES;
				CLANG_WARN_COMMA = YES;
				CLANG_WARN_CONSTANT_CONVERSION = YES;
				CLANG_WARN_DEPRECATED_OBJC_IMPLEMENTATIONS = YES;
				CLANG_WARN_DIRECT_OBJC_ISA_USAGE = YES_ERROR;
				CLANG_WARN_DOCUMENTATION_COMMENTS = YES;
				CLANG_WARN_EMPTY_BODY = YES;
				CLANG_WARN_ENUM_CONVERSION = YES;
				CLANG_WARN_INFINITE_RECURSION = YES;
				CLANG_WARN_INT_CONVERSION = YES;
				CLANG_WARN_NON_LITERAL_NULL_CONVERSION = YES;
				CLANG_WARN_OBJC_IMPLICIT_RETAIN_SELF = YES;
				CLANG_WARN_OBJC_LITERAL_CONVERSION = YES;
				CLANG_WARN_OBJC_ROOT_CLASS = YES_ERROR;
				CLANG_WARN_QUOTED_INCLUDE_IN_FRAMEWORK_HEADER = YES;
				CLANG_WARN_RANGE_LOOP_ANALYSIS = YES;
				CLANG_WARN_STRICT_PROTOTYPES = YES;
				CLANG_WARN_SUSPICIOUS_MOVE = YES;
				CLANG_WARN_UNGUARDED_AVAILABILITY = YES_AGGRESSIVE;
				CLANG_WARN_UNREACHABLE_CODE = YES;
				CLANG_WARN__DUPLICATE_METHOD_MATCH = YES;
				COPY_PHASE_STRIP = NO;
				DEBUG_INFORMATION_FORMAT = dwarf;
				ENABLE_STRICT_OBJC_MSGSEND = YES;
				ENABLE_TESTABILITY = YES;
				GCC_C_LANGUAGE_STANDARD = gnu11;
				GCC_DYNAMIC_NO_PIC = NO;
				GCC_NO_COMMON_BLOCKS = YES;
				GCC_OPTIMIZATION_LEVEL = 0;
				GCC_PREPROCESSOR_DEFINITIONS = (
					"DEBUG=1",
					"$(inherited)",
				);
				GCC_WARN_64_TO_32_BIT_CONVERSION = YES;
				GCC_WARN_ABOUT_RETURN_TYPE = YES_ERROR;
				GCC_WARN_UNDECLARED_SELECTOR = YES;
				GCC_WARN_UNINITIALIZED_AUTOS = YES_AGGRESSIVE;
				GCC_WARN_UNUSED_FUNCTION = YES;
				GCC_WARN_UNUSED_VARIABLE = YES;
				MTL_ENABLE_DEBUG_INFO = INCLUDE_SOURCE;
				MTL_FAST_MATH = YES;
				ONLY_ACTIVE_ARCH = YES;
				SDKROOT = appletvos;
				SWIFT_ACTIVE_COMPILATION_CONDITIONS = DEBUG;
				SWIFT_OPTIMIZATION_LEVEL = "-Onone";
				TVOS_DEPLOYMENT_TARGET = 14.5;
			};
			name = Debug;
		};
		4ADAA58E263A4F1E00A42F9D /* Release */ = {
			isa = XCBuildConfiguration;
			buildSettings = {
				ALWAYS_SEARCH_USER_PATHS = NO;
				CLANG_ANALYZER_NONNULL = YES;
				CLANG_ANALYZER_NUMBER_OBJECT_CONVERSION = YES_AGGRESSIVE;
				CLANG_CXX_LANGUAGE_STANDARD = "gnu++14";
				CLANG_CXX_LIBRARY = "libc++";
				CLANG_ENABLE_MODULES = YES;
				CLANG_ENABLE_OBJC_ARC = YES;
				CLANG_ENABLE_OBJC_WEAK = YES;
				CLANG_WARN_BLOCK_CAPTURE_AUTORELEASING = YES;
				CLANG_WARN_BOOL_CONVERSION = YES;
				CLANG_WARN_COMMA = YES;
				CLANG_WARN_CONSTANT_CONVERSION = YES;
				CLANG_WARN_DEPRECATED_OBJC_IMPLEMENTATIONS = YES;
				CLANG_WARN_DIRECT_OBJC_ISA_USAGE = YES_ERROR;
				CLANG_WARN_DOCUMENTATION_COMMENTS = YES;
				CLANG_WARN_EMPTY_BODY = YES;
				CLANG_WARN_ENUM_CONVERSION = YES;
				CLANG_WARN_INFINITE_RECURSION = YES;
				CLANG_WARN_INT_CONVERSION = YES;
				CLANG_WARN_NON_LITERAL_NULL_CONVERSION = YES;
				CLANG_WARN_OBJC_IMPLICIT_RETAIN_SELF = YES;
				CLANG_WARN_OBJC_LITERAL_CONVERSION = YES;
				CLANG_WARN_OBJC_ROOT_CLASS = YES_ERROR;
				CLANG_WARN_QUOTED_INCLUDE_IN_FRAMEWORK_HEADER = YES;
				CLANG_WARN_RANGE_LOOP_ANALYSIS = YES;
				CLANG_WARN_STRICT_PROTOTYPES = YES;
				CLANG_WARN_SUSPICIOUS_MOVE = YES;
				CLANG_WARN_UNGUARDED_AVAILABILITY = YES_AGGRESSIVE;
				CLANG_WARN_UNREACHABLE_CODE = YES;
				CLANG_WARN__DUPLICATE_METHOD_MATCH = YES;
				COPY_PHASE_STRIP = NO;
				DEBUG_INFORMATION_FORMAT = "dwarf-with-dsym";
				ENABLE_NS_ASSERTIONS = NO;
				ENABLE_STRICT_OBJC_MSGSEND = YES;
				GCC_C_LANGUAGE_STANDARD = gnu11;
				GCC_NO_COMMON_BLOCKS = YES;
				GCC_WARN_64_TO_32_BIT_CONVERSION = YES;
				GCC_WARN_ABOUT_RETURN_TYPE = YES_ERROR;
				GCC_WARN_UNDECLARED_SELECTOR = YES;
				GCC_WARN_UNINITIALIZED_AUTOS = YES_AGGRESSIVE;
				GCC_WARN_UNUSED_FUNCTION = YES;
				GCC_WARN_UNUSED_VARIABLE = YES;
				MTL_ENABLE_DEBUG_INFO = NO;
				MTL_FAST_MATH = YES;
				SDKROOT = appletvos;
				SWIFT_COMPILATION_MODE = wholemodule;
				SWIFT_OPTIMIZATION_LEVEL = "-O";
				TVOS_DEPLOYMENT_TARGET = 14.5;
				VALIDATE_PRODUCT = YES;
			};
			name = Release;
		};
		4ADAA590263A4F1E00A42F9D /* Debug */ = {
			isa = XCBuildConfiguration;
			buildSettings = {
				ASSETCATALOG_COMPILER_APPICON_NAME = "App Icon & Top Shelf Image";
				ASSETCATALOG_COMPILER_GLOBAL_ACCENT_COLOR_NAME = AccentColor;
				CODE_SIGN_STYLE = Automatic;
				DEVELOPMENT_ASSET_PATHS = "\"tvOS 01/Preview Content\"";
				DEVELOPMENT_TEAM = 5NULCBGY98;
				ENABLE_PREVIEWS = YES;
				INFOPLIST_FILE = "tvOS 01/Info.plist";
				LD_RUNPATH_SEARCH_PATHS = (
					"$(inherited)",
					"@executable_path/Frameworks",
				);
				PRODUCT_BUNDLE_IDENTIFIER = "test.rkukuh.tvOS-01";
				PRODUCT_NAME = "$(TARGET_NAME)";
				SWIFT_VERSION = 5.0;
				TARGETED_DEVICE_FAMILY = 3;
				TVOS_DEPLOYMENT_TARGET = 14.0;
			};
			name = Debug;
		};
		4ADAA591263A4F1E00A42F9D /* Release */ = {
			isa = XCBuildConfiguration;
			buildSettings = {
				ASSETCATALOG_COMPILER_APPICON_NAME = "App Icon & Top Shelf Image";
				ASSETCATALOG_COMPILER_GLOBAL_ACCENT_COLOR_NAME = AccentColor;
				CODE_SIGN_STYLE = Automatic;
				DEVELOPMENT_ASSET_PATHS = "\"tvOS 01/Preview Content\"";
				DEVELOPMENT_TEAM = 5NULCBGY98;
				ENABLE_PREVIEWS = YES;
				INFOPLIST_FILE = "tvOS 01/Info.plist";
				LD_RUNPATH_SEARCH_PATHS = (
					"$(inherited)",
					"@executable_path/Frameworks",
				);
				PRODUCT_BUNDLE_IDENTIFIER = "test.rkukuh.tvOS-01";
				PRODUCT_NAME = "$(TARGET_NAME)";
				SWIFT_VERSION = 5.0;
				TARGETED_DEVICE_FAMILY = 3;
				TVOS_DEPLOYMENT_TARGET = 14.0;
			};
			name = Release;
		};
/* End XCBuildConfiguration section */

/* Begin XCConfigurationList section */
		4ADAA57B263A4F1E00A42F9D /* Build configuration list for PBXProject "tvOS 01" */ = {
			isa = XCConfigurationList;
			buildConfigurations = (
				4ADAA58D263A4F1E00A42F9D /* Debug */,
				4ADAA58E263A4F1E00A42F9D /* Release */,
			);
			defaultConfigurationIsVisible = 0;
			defaultConfigurationName = Release;
		};
		4ADAA58F263A4F1E00A42F9D /* Build configuration list for PBXNativeTarget "tvOS 01" */ = {
			isa = XCConfigurationList;
			buildConfigurations = (
				4ADAA590263A4F1E00A42F9D /* Debug */,
				4ADAA591263A4F1E00A42F9D /* Release */,
			);
			defaultConfigurationIsVisible = 0;
			defaultConfigurationName = Release;
		};
/* End XCConfigurationList section */
	};
	rootObject = 4ADAA578263A4F1E00A42F9D /* Project object */;
}
